
Microsoft Visual Studio Solution File, Format Version 12.00
# Visual Studio 2012
Project("{FAE04EC0-301F-11D3-BF4B-00C04F79EFBC}") = "S3CLook", "S3CLook.csproj", "{36A3B985-5A9E-4FC0-BF71-00E5A2AE0BE6}"
EndProject
Global
	GlobalSection(SolutionConfigurationPlatforms) = preSolution
		Debug|x86 = Debug|x86
		Release|x86 = Release|x86
	EndGlobalSection
	GlobalSection(ProjectConfigurationPlatforms) = postSolution
		{36A3B985-5A9E-4FC0-BF71-00E5A2AE0BE6}.Debug|x86.ActiveCfg = Debug|x86
		{36A3B985-5A9E-4FC0-BF71-00E5A2AE0BE6}.Debug|x86.Build.0 = Debug|x86
		{36A3B985-5A9E-4FC0-BF71-00E5A2AE0BE6}.Release|x86.ActiveCfg = Release|x86
		{36A3B985-5A9E-4FC0-BF71-00E5A2AE0BE6}.Release|x86.Build.0 = Release|x86
	EndGlobalSection
	GlobalSection(SolutionProperties) = preSolution
		HideSolutionNode = FALSE
	EndGlobalSection
EndGlobal
